
Microsoft Visual Studio Solution File, Format Version 12.00
# Visual Studio 15
VisualStudioVersion = 15.0.26430.14
MinimumVisualStudioVersion = 10.0.40219.1
Project("{2150E333-8FDC-42A3-9474-1A3956D46DE8}") = "Engine", "Engine", "{39CA06B0-74C9-47AC-88D2-CDB45C00FB81}"
EndProject
Project("{2150E333-8FDC-42A3-9474-1A3956D46DE8}") = "Games", "Games", "{DF54F2D8-F091-4FAA-BAB0-447E977B783D}"
EndProject
Project("{8BC9CEB8-8B4A-11D0-8D11-00A0C91BC942}") = "UE4", "Intermediate\ProjectFiles\UE4.vcxproj", "{3C1EC0C1-FF54-498C-B6F4-8B41C4B701AE}"
EndProject
Project("{8BC9CEB8-8B4A-11D0-8D11-00A0C91BC942}") = "Tiant", "Intermediate\ProjectFiles\Tiant.vcxproj", "{B947B42C-769F-4679-832E-7401FEEA6127}"
EndProject
Global
	GlobalSection(SolutionConfigurationPlatforms) = preSolution
		DebugGame Editor|HTML5 = DebugGame Editor|HTML5
		DebugGame Editor|Win32 = DebugGame Editor|Win32
		DebugGame Editor|Win64 = DebugGame Editor|Win64
		DebugGame|HTML5 = DebugGame|HTML5
		DebugGame|Win32 = DebugGame|Win32
		DebugGame|Win64 = DebugGame|Win64
		Development Editor|HTML5 = Development Editor|HTML5
		Development Editor|Win32 = Development Editor|Win32
		Development Editor|Win64 = Development Editor|Win64
		Development|HTML5 = Development|HTML5
		Development|Win32 = Development|Win32
		Development|Win64 = Development|Win64
		Shipping|HTML5 = Shipping|HTML5
		Shipping|Win32 = Shipping|Win32
		Shipping|Win64 = Shipping|Win64
	EndGlobalSection
	GlobalSection(ProjectConfigurationPlatforms) = postSolution
		{3C1EC0C1-FF54-498C-B6F4-8B41C4B701AE}.DebugGame Editor|HTML5.ActiveCfg = BuiltWithUnrealBuildTool|Win32
		{3C1EC0C1-FF54-498C-B6F4-8B41C4B701AE}.DebugGame Editor|HTML5.Build.0 = BuiltWithUnrealBuildTool|Win32
		{3C1EC0C1-FF54-498C-B6F4-8B41C4B701AE}.DebugGame Editor|Win32.ActiveCfg = BuiltWithUnrealBuildTool|Win32
		{3C1EC0C1-FF54-498C-B6F4-8B41C4B701AE}.DebugGame Editor|Win32.Build.0 = BuiltWithUnrealBuildTool|Win32
		{3C1EC0C1-FF54-498C-B6F4-8B41C4B701AE}.DebugGame Editor|Win64.ActiveCfg = BuiltWithUnrealBuildTool|Win32
		{3C1EC0C1-FF54-498C-B6F4-8B41C4B701AE}.DebugGame Editor|Win64.Build.0 = BuiltWithUnrealBuildTool|Win32
		{3C1EC0C1-FF54-498C-B6F4-8B41C4B701AE}.DebugGame|HTML5.ActiveCfg = BuiltWithUnrealBuildTool|Win32
		{3C1EC0C1-FF54-498C-B6F4-8B41C4B701AE}.DebugGame|HTML5.Build.0 = BuiltWithUnrealBuildTool|Win32
		{3C1EC0C1-FF54-498C-B6F4-8B41C4B701AE}.DebugGame|Win32.ActiveCfg = BuiltWithUnrealBuildTool|Win32
		{3C1EC0C1-FF54-498C-B6F4-8B41C4B701AE}.DebugGame|Win32.Build.0 = BuiltWithUnrealBuildTool|Win32
		{3C1EC0C1-FF54-498C-B6F4-8B41C4B701AE}.DebugGame|Win64.ActiveCfg = BuiltWithUnrealBuildTool|Win32
		{3C1EC0C1-FF54-498C-B6F4-8B41C4B701AE}.DebugGame|Win64.Build.0 = BuiltWithUnrealBuildTool|Win32
		{3C1EC0C1-FF54-498C-B6F4-8B41C4B701AE}.Development Editor|HTML5.ActiveCfg = BuiltWithUnrealBuildTool|Win32
		{3C1EC0C1-FF54-498C-B6F4-8B41C4B701AE}.Development Editor|HTML5.Build.0 = BuiltWithUnrealBuildTool|Win32
		{3C1EC0C1-FF54-498C-B6F4-8B41C4B701AE}.Development Editor|Win32.ActiveCfg = BuiltWithUnrealBuildTool|Win32
		{3C1EC0C1-FF54-498C-B6F4-8B41C4B701AE}.Development Editor|Win32.Build.0 = BuiltWithUnrealBuildTool|Win32
		{3C1EC0C1-FF54-498C-B6F4-8B41C4B701AE}.Development Editor|Win64.ActiveCfg = BuiltWithUnrealBuildTool|Win32
		{3C1EC0C1-FF54-498C-B6F4-8B41C4B701AE}.Development Editor|Win64.Build.0 = BuiltWithUnrealBuildTool|Win32
		{3C1EC0C1-FF54-498C-B6F4-8B41C4B701AE}.Development|HTML5.ActiveCfg = BuiltWithUnrealBuildTool|Win32
		{3C1EC0C1-FF54-498C-B6F4-8B41C4B701AE}.Development|HTML5.Build.0 = BuiltWithUnrealBuildTool|Win32
		{3C1EC0C1-FF54-498C-B6F4-8B41C4B701AE}.Development|Win32.ActiveCfg = BuiltWithUnrealBuildTool|Win32
		{3C1EC0C1-FF54-498C-B6F4-8B41C4B701AE}.Development|Win32.Build.0 = BuiltWithUnrealBuildTool|Win32
		{3C1EC0C1-FF54-498C-B6F4-8B41C4B701AE}.Development|Win64.ActiveCfg = BuiltWithUnrealBuildTool|Win32
		{3C1EC0C1-FF54-498C-B6F4-8B41C4B701AE}.Development|Win64.Build.0 = BuiltWithUnrealBuildTool|Win32
		{3C1EC0C1-FF54-498C-B6F4-8B41C4B701AE}.Shipping|HTML5.ActiveCfg = BuiltWithUnrealBuildTool|Win32
		{3C1EC0C1-FF54-498C-B6F4-8B41C4B701AE}.Shipping|HTML5.Build.0 = BuiltWithUnrealBuildTool|Win32
		{3C1EC0C1-FF54-498C-B6F4-8B41C4B701AE}.Shipping|Win32.ActiveCfg = BuiltWithUnrealBuildTool|Win32
		{3C1EC0C1-FF54-498C-B6F4-8B41C4B701AE}.Shipping|Win32.Build.0 = BuiltWithUnrealBuildTool|Win32
		{3C1EC0C1-FF54-498C-B6F4-8B41C4B701AE}.Shipping|Win64.ActiveCfg = BuiltWithUnrealBuildTool|Win32
		{3C1EC0C1-FF54-498C-B6F4-8B41C4B701AE}.Shipping|Win64.Build.0 = BuiltWithUnrealBuildTool|Win32
		{B947B42C-769F-4679-832E-7401FEEA6127}.DebugGame Editor|HTML5.ActiveCfg = HTML5_DebugGame_Editor|Win32
		{B947B42C-769F-4679-832E-7401FEEA6127}.DebugGame Editor|Win32.ActiveCfg = DebugGame_Editor|Win32
		{B947B42C-769F-4679-832E-7401FEEA6127}.DebugGame Editor|Win64.ActiveCfg = DebugGame_Editor|x64
		{B947B42C-769F-4679-832E-7401FEEA6127}.DebugGame Editor|Win64.Build.0 = DebugGame_Editor|x64
		{B947B42C-769F-4679-832E-7401FEEA6127}.DebugGame|HTML5.ActiveCfg = HTML5_DebugGame_Game|Win32
		{B947B42C-769F-4679-832E-7401FEEA6127}.DebugGame|HTML5.Build.0 = HTML5_DebugGame_Game|Win32
		{B947B42C-769F-4679-832E-7401FEEA6127}.DebugGame|Win32.ActiveCfg = DebugGame_Game|Win32
		{B947B42C-769F-4679-832E-7401FEEA6127}.DebugGame|Win32.Build.0 = DebugGame_Game|Win32
		{B947B42C-769F-4679-832E-7401FEEA6127}.DebugGame|Win64.ActiveCfg = DebugGame_Game|x64
		{B947B42C-769F-4679-832E-7401FEEA6127}.DebugGame|Win64.Build.0 = DebugGame_Game|x64
		{B947B42C-769F-4679-832E-7401FEEA6127}.Development Editor|HTML5.ActiveCfg = HTML5_Development_Editor|Win32
		{B947B42C-769F-4679-832E-7401FEEA6127}.Development Editor|Win32.ActiveCfg = Development_Editor|Win32
		{B947B42C-769F-4679-832E-7401FEEA6127}.Development Editor|Win64.ActiveCfg = Development_Editor|x64
		{B947B42C-769F-4679-832E-7401FEEA6127}.Development Editor|Win64.Build.0 = Development_Editor|x64
		{B947B42C-769F-4679-832E-7401FEEA6127}.Development|HTML5.ActiveCfg = HTML5_Development_Game|Win32
		{B947B42C-769F-4679-832E-7401FEEA6127}.Development|HTML5.Build.0 = HTML5_Development_Game|Win32
		{B947B42C-769F-4679-832E-7401FEEA6127}.Development|Win32.ActiveCfg = Development_Game|Win32
		{B947B42C-769F-4679-832E-7401FEEA6127}.Development|Win32.Build.0 = Development_Game|Win32
		{B947B42C-769F-4679-832E-7401FEEA6127}.Development|Win64.ActiveCfg = Development_Game|x64
		{B947B42C-769F-4679-832E-7401FEEA6127}.Development|Win64.Build.0 = Development_Game|x64
		{B947B42C-769F-4679-832E-7401FEEA6127}.Shipping|HTML5.ActiveCfg = HTML5_Shipping_Game|Win32
		{B947B42C-769F-4679-832E-7401FEEA6127}.Shipping|HTML5.Build.0 = HTML5_Shipping_Game|Win32
		{B947B42C-769F-4679-832E-7401FEEA6127}.Shipping|Win32.ActiveCfg = Shipping_Game|Win32
		{B947B42C-769F-4679-832E-7401FEEA6127}.Shipping|Win32.Build.0 = Shipping_Game|Win32
		{B947B42C-769F-4679-832E-7401FEEA6127}.Shipping|Win64.ActiveCfg = Shipping_Game|x64
		{B947B42C-769F-4679-832E-7401FEEA6127}.Shipping|Win64.Build.0 = Shipping_Game|x64
	EndGlobalSection
	GlobalSection(SolutionProperties) = preSolution
		HideSolutionNode = FALSE
	EndGlobalSection
	GlobalSection(NestedProjects) = preSolution
		{3C1EC0C1-FF54-498C-B6F4-8B41C4B701AE} = {39CA06B0-74C9-47AC-88D2-CDB45C00FB81}
		{B947B42C-769F-4679-832E-7401FEEA6127} = {DF54F2D8-F091-4FAA-BAB0-447E977B783D}
	EndGlobalSection
EndGlobal
